{
  "name": "nexusrank-pro",
  "version": "1.0.0",
  "lockfileVersion": 3,
  "requires": true,
  "packages": {
    "": {
      "name": "nexusrank-pro",
      "version": "1.0.0",
      "license": "MIT",
      "devDependencies": {
        "wrangler": "^3.0.0"
      }
    },
    "node_modules/wrangler": {
      "version": "3.78.12",
      "resolved": "https://registry.npmjs.org/wrangler/-/wrangler-3.78.12.tgz",
      "integrity": "sha512-example-hash",
      "dev": true,
      "bin": {
        "wrangler": "bin/wrangler.js"
      }
    }
  }
}